
Microsoft Visual Studio Solution File, Format Version 11.00
# Visual Studio 2010
Project("{f2a71f9b-5d33-465a-a702-920d77279786}") = "OffLog.iOS", "OffLog.iOS.fsproj", "{9920F2BB-0275-4BBA-8A9A-E9AC64711378}"
EndProject
Global
	GlobalSection(SolutionConfigurationPlatforms) = preSolution
		Debug|iPhoneSimulator = Debug|iPhoneSimulator
		Release|iPhoneSimulator = Release|iPhoneSimulator
		Debug|iPhone = Debug|iPhone
		Release|iPhone = Release|iPhone
		Ad-Hoc|iPhone = Ad-Hoc|iPhone
		AppStore|iPhone = AppStore|iPhone
	EndGlobalSection
	GlobalSection(ProjectConfigurationPlatforms) = postSolution
		{9920F2BB-0275-4BBA-8A9A-E9AC64711378}.Ad-Hoc|iPhone.ActiveCfg = Ad-Hoc|iPhone
		{9920F2BB-0275-4BBA-8A9A-E9AC64711378}.Ad-Hoc|iPhone.Build.0 = Ad-Hoc|iPhone
		{9920F2BB-0275-4BBA-8A9A-E9AC64711378}.AppStore|iPhone.ActiveCfg = AppStore|iPhone
		{9920F2BB-0275-4BBA-8A9A-E9AC64711378}.AppStore|iPhone.Build.0 = AppStore|iPhone
		{9920F2BB-0275-4BBA-8A9A-E9AC64711378}.Debug|iPhone.ActiveCfg = Debug|iPhone
		{9920F2BB-0275-4BBA-8A9A-E9AC64711378}.Debug|iPhone.Build.0 = Debug|iPhone
		{9920F2BB-0275-4BBA-8A9A-E9AC64711378}.Debug|iPhoneSimulator.ActiveCfg = Debug|iPhoneSimulator
		{9920F2BB-0275-4BBA-8A9A-E9AC64711378}.Debug|iPhoneSimulator.Build.0 = Debug|iPhoneSimulator
		{9920F2BB-0275-4BBA-8A9A-E9AC64711378}.Release|iPhone.ActiveCfg = Release|iPhone
		{9920F2BB-0275-4BBA-8A9A-E9AC64711378}.Release|iPhone.Build.0 = Release|iPhone
		{9920F2BB-0275-4BBA-8A9A-E9AC64711378}.Release|iPhoneSimulator.ActiveCfg = Release|iPhoneSimulator
		{9920F2BB-0275-4BBA-8A9A-E9AC64711378}.Release|iPhoneSimulator.Build.0 = Release|iPhoneSimulator
	EndGlobalSection
	GlobalSection(MonoDevelopProperties) = preSolution
		StartupItem = OffLog.iOS.fsproj
	EndGlobalSection
EndGlobal
